// !$*UTF8*$!
{
	archiveVersion = 1;
	classes = {
	};
	objectVersion = 46;
	objects = {

/* Begin PBXBuildFile section */
		2D163FB6145154F2000B727E /* UIKit.framework in Frameworks */ = {isa = PBXBuildFile; fileRef = 2D163FB5145154F2000B727E /* UIKit.framework */; };
		2D163FB8145154F2000B727E /* Foundation.framework in Frameworks */ = {isa = PBXBuildFile; fileRef = 2D163FB7145154F2000B727E /* Foundation.framework */; };
		2D163FBA145154F2000B727E /* CoreGraphics.framework in Frameworks */ = {isa = PBXBuildFile; fileRef = 2D163FB9145154F2000B727E /* CoreGraphics.framework */; };
		2D163FC0145154F2000B727E /* InfoPlist.strings in Resources */ = {isa = PBXBuildFile; fileRef = 2D163FBE145154F2000B727E /* InfoPlist.strings */; };
		2D163FC2145154F2000B727E /* main.m in Sources */ = {isa = PBXBuildFile; fileRef = 2D163FC1145154F2000B727E /* main.m */; };
		2D163FC6145154F2000B727E /* CalistoAppDelegate.m in Sources */ = {isa = PBXBuildFile; fileRef = 2D163FC5145154F2000B727E /* CalistoAppDelegate.m */; };
		2D163FCE145154F2000B727E /* SenTestingKit.framework in Frameworks */ = {isa = PBXBuildFile; fileRef = 2D163FCD145154F2000B727E /* SenTestingKit.framework */; };
		2D163FCF145154F2000B727E /* UIKit.framework in Frameworks */ = {isa = PBXBuildFile; fileRef = 2D163FB5145154F2000B727E /* UIKit.framework */; };
		2D163FD0145154F2000B727E /* Foundation.framework in Frameworks */ = {isa = PBXBuildFile; fileRef = 2D163FB7145154F2000B727E /* Foundation.framework */; };
		2D163FD8145154F2000B727E /* InfoPlist.strings in Resources */ = {isa = PBXBuildFile; fileRef = 2D163FD6145154F2000B727E /* InfoPlist.strings */; };
		2D163FDB145154F2000B727E /* HelloWorldTests.m in Sources */ = {isa = PBXBuildFile; fileRef = 2D163FDA145154F2000B727E /* HelloWorldTests.m */; };
/* End PBXBuildFile section */

/* Begin PBXContainerItemProxy section */
		2D163FD1145154F2000B727E /* PBXContainerItemProxy */ = {
			isa = PBXContainerItemProxy;
			containerPortal = 2D163FA8145154F1000B727E /* Project object */;
			proxyType = 1;
			remoteGlobalIDString = 2D163FB0145154F1000B727E;
			remoteInfo = HelloWorld;
		};
/* End PBXContainerItemProxy section */

/* Begin PBXFileReference section */
		2D163FB1145154F2000B727E /* HelloWorld.app */ = {isa = PBXFileReference; explicitFileType = wrapper.application; includeInIndex = 0; path = HelloWorld.app; sourceTree = BUILT_PRODUCTS_DIR; };
		2D163FB5145154F2000B727E /* UIKit.framework */ = {isa = PBXFileReference; lastKnownFileType = wrapper.framework; name = UIKit.framework; path = System/Library/Frameworks/UIKit.framework; sourceTree = SDKROOT; };
		2D163FB7145154F2000B727E /* Foundation.framework */ = {isa = PBXFileReference; lastKnownFileType = wrapper.framework; name = Foundation.framework; path = System/Library/Frameworks/Foundation.framework; sourceTree = SDKROOT; };
		2D163FB9145154F2000B727E /* CoreGraphics.framework */ = {isa = PBXFileReference; lastKnownFileType = wrapper.framework; name = CoreGraphics.framework; path = System/Library/Frameworks/CoreGraphics.framework; sourceTree = SDKROOT; };
		2D163FBD145154F2000B727E /* HelloWorld-Info.plist */ = {isa = PBXFileReference; path = "HelloWorld-Info.plist"; sourceTree = "<group>"; };
		2D163FBF145154F2000B727E /* en */ = {isa = PBXFileReference; lastKnownFileType = text.plist.strings; name = en; path = en.lproj/InfoPlist.strings; sourceTree = "<group>"; };
		2D163FC1145154F2000B727E /* main.m */ = {isa = PBXFileReference; lastKnownFileType = sourcecode.c.objc; path = main.m; sourceTree = "<group>"; };
		2D163FC3145154F2000B727E /* HelloWorld-Prefix.pch */ = {isa = PBXFileReference; path = "HelloWorld-Prefix.pch"; sourceTree = "<group>"; };
		2D163FC4145154F2000B727E /* CalistoAppDelegate.h */ = {isa = PBXFileReference; path = CalistoAppDelegate.h; sourceTree = "<group>"; };
		2D163FC5145154F2000B727E /* CalistoAppDelegate.m */ = {isa = PBXFileReference; lastKnownFileType = sourcecode.c.objc; path = CalistoAppDelegate.m; sourceTree = "<group>"; };
		2D163FCC145154F2000B727E /* HelloWorldTests.octest */ = {isa = PBXFileReference; explicitFileType = wrapper.cfbundle; includeInIndex = 0; path = HelloWorldTests.octest; sourceTree = BUILT_PRODUCTS_DIR; };
		2D163FCD145154F2000B727E /* SenTestingKit.framework */ = {isa = PBXFileReference; lastKnownFileType = wrapper.framework; name = SenTestingKit.framework; path = Library/Frameworks/SenTestingKit.framework; sourceTree = DEVELOPER_DIR; };
		2D163FD5145154F2000B727E /* HelloWorldTests-Info.plist */ = {isa = PBXFileReference; path = "HelloWorldTests-Info.plist"; sourceTree = "<group>"; };
		2D163FD7145154F2000B727E /* en */ = {isa = PBXFileReference; lastKnownFileType = text.plist.strings; name = en; path = en.lproj/InfoPlist.strings; sourceTree = "<group>"; };
		2D163FD9145154F2000B727E /* HelloWorldTests.h */ = {isa = PBXFileReference; path = HelloWorldTests.h; sourceTree = "<group>"; };
		2D163FDA145154F2000B727E /* HelloWorldTests.m */ = {isa = PBXFileReference; lastKnownFileType = sourcecode.c.objc; path = HelloWorldTests.m; sourceTree = "<group>"; };
/* End PBXFileReference section */

/* Begin PBXFrameworksBuildPhase section */
		2D163FAE145154F1000B727E /* Frameworks */ = {
			isa = PBXFrameworksBuildPhase;
			buildActionMask = 2147483647;
			files = (
				2D163FB6145154F2000B727E /* UIKit.framework in Frameworks */,
				2D163FB8145154F2000B727E /* Foundation.framework in Frameworks */,
				2D163FBA145154F2000B727E /* CoreGraphics.framework in Frameworks */,
			);
			runOnlyForDeploymentPostprocessing = 0;
		};
		2D163FC8145154F2000B727E /* Frameworks */ = {
			isa = PBXFrameworksBuildPhase;
			buildActionMask = 2147483647;
			files = (
				2D163FCE145154F2000B727E /* SenTestingKit.framework in Frameworks */,
				2D163FCF145154F2000B727E /* UIKit.framework in Frameworks */,
				2D163FD0145154F2000B727E /* Foundation.framework in Frameworks */,
			);
			runOnlyForDeploymentPostprocessing = 0;
		};
/* End PBXFrameworksBuildPhase section */

/* Begin PBXGroup section */
		2D163FA6145154F1000B727E = {
			isa = PBXGroup;
			children = (
				2D163FBB145154F2000B727E /* HelloWorld */,
				2D163FD3145154F2000B727E /* HelloWorldTests */,
				2D163FB4145154F2000B727E /* Frameworks */,
				2D163FB2145154F2000B727E /* Products */,
			);
			sourceTree = "<group>";
		};
		2D163FB2145154F2000B727E /* Products */ = {
			isa = PBXGroup;
			children = (
				2D163FB1145154F2000B727E /* HelloWorld.app */,
				2D163FCC145154F2000B727E /* HelloWorldTests.octest */,
			);
			name = Products;
			sourceTree = "<group>";
		};
		2D163FB4145154F2000B727E /* Frameworks */ = {
			isa = PBXGroup;
			children = (
				2D163FB5145154F2000B727E /* UIKit.framework */,
				2D163FB7145154F2000B727E /* Foundation.framework */,
				2D163FB9145154F2000B727E /* CoreGraphics.framework */,
				2D163FCD145154F2000B727E /* SenTestingKit.framework */,
			);
			name = Frameworks;
			sourceTree = "<group>";
		};
		2D163FBB145154F2000B727E /* HelloWorld */ = {
			isa = PBXGroup;
			children = (
				2D163FC4145154F2000B727E /* CalistoAppDelegate.h */,
				2D163FC5145154F2000B727E /* CalistoAppDelegate.m */,
				2D163FBC145154F2000B727E /* Supporting Files */,
			);
			path = HelloWorld;
			sourceTree = "<group>";
		};
		2D163FBC145154F2000B727E /* Supporting Files */ = {
			isa = PBXGroup;
			children = (
				2D163FBD145154F2000B727E /* HelloWorld-Info.plist */,
				2D163FBE145154F2000B727E /* InfoPlist.strings */,
				2D163FC1145154F2000B727E /* main.m */,
				2D163FC3145154F2000B727E /* HelloWorld-Prefix.pch */,
			);
			name = "Supporting Files";
			sourceTree = "<group>";
		};
		2D163FD3145154F2000B727E /* HelloWorldTests */ = {
			isa = PBXGroup;
			children = (
				2D163FD9145154F2000B727E /* HelloWorldTests.h */,
				2D163FDA145154F2000B727E /* HelloWorldTests.m */,
				2D163FD4145154F2000B727E /* Supporting Files */,
			);
			path = HelloWorldTests;
			sourceTree = "<group>";
		};
		2D163FD4145154F2000B727E /* Supporting Files */ = {
			isa = PBXGroup;
			children = (
				2D163FD5145154F2000B727E /* HelloWorldTests-Info.plist */,
				2D163FD6145154F2000B727E /* InfoPlist.strings */,
			);
			name = "Supporting Files";
			sourceTree = "<group>";
		};
/* End PBXGroup section */

/* Begin PBXNativeTarget section */
		2D163FB0145154F1000B727E /* HelloWorld */ = {
			isa = PBXNativeTarget;
			buildConfigurationList = 2D163FDE145154F2000B727E /* Build configuration list for PBXNativeTarget "HelloWorld" */;
			buildPhases = (
				2D163FAD145154F1000B727E /* Sources */,
				2D163FAE145154F1000B727E /* Frameworks */,
				2D163FAF145154F1000B727E /* Resources */,
			);
			buildRules = (
			);
			dependencies = (
			);
			name = HelloWorld;
			productName = HelloWorld;
			productReference = 2D163FB1145154F2000B727E /* HelloWorld.app */;
			productType = "com.apple.product-type.application";
		};
		2D163FCB145154F2000B727E /* HelloWorldTests */ = {
			isa = PBXNativeTarget;
			buildConfigurationList = 2D163FE1145154F2000B727E /* Build configuration list for PBXNativeTarget "HelloWorldTests" */;
			buildPhases = (
				2D163FC7145154F2000B727E /* Sources */,
				2D163FC8145154F2000B727E /* Frameworks */,
				2D163FC9145154F2000B727E /* Resources */,
				2D163FCA145154F2000B727E /* ShellScript */,
			);
			buildRules = (
			);
			dependencies = (
				2D163FD2145154F2000B727E /* PBXTargetDependency */,
			);
			name = HelloWorldTests;
			productName = HelloWorldTests;
			productReference = 2D163FCC145154F2000B727E /* HelloWorldTests.octest */;
			productType = "com.apple.product-type.bundle";
		};
/* End PBXNativeTarget section */

/* Begin PBXProject section */
		2D163FA8145154F1000B727E /* Project object */ = {
			isa = PBXProject;
			attributes = {
				LastUpgradeCheck = 0420;
				ORGANIZATIONNAME = "Calisto Labs, LLC";
			};
			buildConfigurationList = 2D163FAB145154F1000B727E /* Build configuration list for PBXProject "HelloWorld" */;
			compatibilityVersion = "Xcode 3.2";
			developmentRegion = English;
			hasScannedForEncodings = 0;
			knownRegions = (
				en,
			);
			mainGroup = 2D163FA6145154F1000B727E;
			productRefGroup = 2D163FB2145154F2000B727E /* Products */;
			projectDirPath = "";
			projectRoot = "";
			targets = (
				2D163FB0145154F1000B727E /* HelloWorld */,
				2D163FCB145154F2000B727E /* HelloWorldTests */,
			);
		};
/* End PBXProject section */

/* Begin PBXResourcesBuildPhase section */
		2D163FAF145154F1000B727E /* Resources */ = {
			isa = PBXResourcesBuildPhase;
			buildActionMask = 2147483647;
			files = (
				2D163FC0145154F2000B727E /* InfoPlist.strings in Resources */,
			);
			runOnlyForDeploymentPostprocessing = 0;
		};
		2D163FC9145154F2000B727E /* Resources */ = {
			isa = PBXResourcesBuildPhase;
			buildActionMask = 2147483647;
			files = (
				2D163FD8145154F2000B727E /* InfoPlist.strings in Resources */,
			);
			runOnlyForDeploymentPostprocessing = 0;
		};
/* End PBXResourcesBuildPhase section */

/* Begin PBXShellScriptBuildPhase section */
		2D163FCA145154F2000B727E /* ShellScript */ = {
			isa = PBXShellScriptBuildPhase;
			buildActionMask = 2147483647;
			files = (
			);
			inputPaths = (
			);
			outputPaths = (
			);
			runOnlyForDeploymentPostprocessing = 0;
			shellPath = /bin/sh;
			shellScript = "# Run the unit tests in this test bundle.\n\"${SYSTEM_DEVELOPER_DIR}/Tools/RunUnitTests\"\n";
		};
/* End PBXShellScriptBuildPhase section */

/* Begin PBXSourcesBuildPhase section */
		2D163FAD145154F1000B727E /* Sources */ = {
			isa = PBXSourcesBuildPhase;
			buildActionMask = 2147483647;
			files = (
				2D163FC2145154F2000B727E /* main.m in Sources */,
				2D163FC6145154F2000B727E /* CalistoAppDelegate.m in Sources */,
			);
			runOnlyForDeploymentPostprocessing = 0;
		};
		2D163FC7145154F2000B727E /* Sources */ = {
			isa = PBXSourcesBuildPhase;
			buildActionMask = 2147483647;
			files = (
				2D163FDB145154F2000B727E /* HelloWorldTests.m in Sources */,
			);
			runOnlyForDeploymentPostprocessing = 0;
		};
/* End PBXSourcesBuildPhase section */

/* Begin PBXTargetDependency section */
		2D163FD2145154F2000B727E /* PBXTargetDependency */ = {
			isa = PBXTargetDependency;
			target = 2D163FB0145154F1000B727E /* HelloWorld */;
			targetProxy = 2D163FD1145154F2000B727E /* PBXContainerItemProxy */;
		};
/* End PBXTargetDependency section */

/* Begin PBXVariantGroup section */
		2D163FBE145154F2000B727E /* InfoPlist.strings */ = {
			isa = PBXVariantGroup;
			children = (
				2D163FBF145154F2000B727E /* en */,
			);
			name = InfoPlist.strings;
			sourceTree = "<group>";
		};
		2D163FD6145154F2000B727E /* InfoPlist.strings */ = {
			isa = PBXVariantGroup;
			children = (
				2D163FD7145154F2000B727E /* en */,
			);
			name = InfoPlist.strings;
			sourceTree = "<group>";
		};
/* End PBXVariantGroup section */

/* Begin XCBuildConfiguration section */
		2D163FDC145154F2000B727E /* Debug */ = {
			isa = XCBuildConfiguration;
			buildSettings = {
				ALWAYS_SEARCH_USER_PATHS = NO;
				ARCHS = "$(ARCHS_STANDARD_32_BIT)";
				CLANG_ENABLE_OBJC_ARC = YES;
				"CODE_SIGN_IDENTITY[sdk=iphoneos*]" = "iPhone Developer";
				COPY_PHASE_STRIP = NO;
				GCC_C_LANGUAGE_STANDARD = gnu99;
				GCC_DYNAMIC_NO_PIC = NO;
				GCC_OPTIMIZATION_LEVEL = 0;
				GCC_PREPROCESSOR_DEFINITIONS = (
					"DEBUG=1",
					"$(inherited)",
				);
				GCC_SYMBOLS_PRIVATE_EXTERN = NO;
				GCC_VERSION = com.apple.compilers.llvm.clang.1_0;
				GCC_WARN_ABOUT_MISSING_PROTOTYPES = YES;
				GCC_WARN_ABOUT_RETURN_TYPE = YES;
				GCC_WARN_UNUSED_VARIABLE = YES;
				IPHONEOS_DEPLOYMENT_TARGET = 5.0;
				SDKROOT = iphoneos;
				TARGETED_DEVICE_FAMILY = "1,2";
			};
			name = Debug;
		};
		2D163FDD145154F2000B727E /* Release */ = {
			isa = XCBuildConfiguration;
			buildSettings = {
				ALWAYS_SEARCH_USER_PATHS = NO;
				ARCHS = "$(ARCHS_STANDARD_32_BIT)";
				CLANG_ENABLE_OBJC_ARC = YES;
				"CODE_SIGN_IDENTITY[sdk=iphoneos*]" = "iPhone Developer";
				COPY_PHASE_STRIP = YES;
				GCC_C_LANGUAGE_STANDARD = gnu99;
				GCC_VERSION = com.apple.compilers.llvm.clang.1_0;
				GCC_WARN_ABOUT_MISSING_PROTOTYPES = YES;
				GCC_WARN_ABOUT_RETURN_TYPE = YES;
				GCC_WARN_UNUSED_VARIABLE = YES;
				IPHONEOS_DEPLOYMENT_TARGET = 5.0;
				OTHER_CFLAGS = "-DNS_BLOCK_ASSERTIONS=1";
				SDKROOT = iphoneos;
				TARGETED_DEVICE_FAMILY = "1,2";
				VALIDATE_PRODUCT = YES;
			};
			name = Release;
		};
		2D163FDF145154F2000B727E /* Debug */ = {
			isa = XCBuildConfiguration;
			buildSettings = {
				GCC_PRECOMPILE_PREFIX_HEADER = YES;
				GCC_PREFIX_HEADER = "HelloWorld/HelloWorld-Prefix.pch";
				INFOPLIST_FILE = "HelloWorld/HelloWorld-Info.plist";
				PRODUCT_NAME = "$(TARGET_NAME)";
				WRAPPER_EXTENSION = app;
			};
			name = Debug;
		};
		2D163FE0145154F2000B727E /* Release */ = {
			isa = XCBuildConfiguration;
			buildSettings = {
				GCC_PRECOMPILE_PREFIX_HEADER = YES;
				GCC_PREFIX_HEADER = "HelloWorld/HelloWorld-Prefix.pch";
				INFOPLIST_FILE = "HelloWorld/HelloWorld-Info.plist";
				PRODUCT_NAME = "$(TARGET_NAME)";
				WRAPPER_EXTENSION = app;
			};
			name = Release;
		};
		2D163FE2145154F2000B727E /* Debug */ = {
			isa = XCBuildConfiguration;
			buildSettings = {
				BUNDLE_LOADER = "$(BUILT_PRODUCTS_DIR)/HelloWorld.app/HelloWorld";
				FRAMEWORK_SEARCH_PATHS = (
					"$(SDKROOT)/Developer/Library/Frameworks",
					"$(DEVELOPER_LIBRARY_DIR)/Frameworks",
				);
				GCC_PRECOMPILE_PREFIX_HEADER = YES;
				GCC_PREFIX_HEADER = "HelloWorld/HelloWorld-Prefix.pch";
				INFOPLIST_FILE = "HelloWorldTests/HelloWorldTests-Info.plist";
				PRODUCT_NAME = "$(TARGET_NAME)";
				TEST_HOST = "$(BUNDLE_LOADER)";
				WRAPPER_EXTENSION = octest;
			};
			name = Debug;
		};
		2D163FE3145154F2000B727E /* Release */ = {
			isa = XCBuildConfiguration;
			buildSettings = {
				BUNDLE_LOADER = "$(BUILT_PRODUCTS_DIR)/HelloWorld.app/HelloWorld";
				FRAMEWORK_SEARCH_PATHS = (
					"$(SDKROOT)/Developer/Library/Frameworks",
					"$(DEVELOPER_LIBRARY_DIR)/Frameworks",
				);
				GCC_PRECOMPILE_PREFIX_HEADER = YES;
				GCC_PREFIX_HEADER = "HelloWorld/HelloWorld-Prefix.pch";
				INFOPLIST_FILE = "HelloWorldTests/HelloWorldTests-Info.plist";
				PRODUCT_NAME = "$(TARGET_NAME)";
				TEST_HOST = "$(BUNDLE_LOADER)";
				WRAPPER_EXTENSION = octest;
			};
			name = Release;
		};
/* End XCBuildConfiguration section */

/* Begin XCConfigurationList section */
		2D163FAB145154F1000B727E /* Build configuration list for PBXProject "HelloWorld" */ = {
			isa = XCConfigurationList;
			buildConfigurations = (
				2D163FDC145154F2000B727E /* Debug */,
				2D163FDD145154F2000B727E /* Release */,
			);
			defaultConfigurationIsVisible = 0;
			defaultConfigurationName = Release;
		};
		2D163FDE145154F2000B727E /* Build configuration list for PBXNativeTarget "HelloWorld" */ = {
			isa = XCConfigurationList;
			buildConfigurations = (
				2D163FDF145154F2000B727E /* Debug */,
				2D163FE0145154F2000B727E /* Release */,
			);
			defaultConfigurationIsVisible = 0;
		};
		2D163FE1145154F2000B727E /* Build configuration list for PBXNativeTarget "HelloWorldTests" */ = {
			isa = XCConfigurationList;
			buildConfigurations = (
				2D163FE2145154F2000B727E /* Debug */,
				2D163FE3145154F2000B727E /* Release */,
			);
			defaultConfigurationIsVisible = 0;
		};
/* End XCConfigurationList section */
	};
	rootObject = 2D163FA8145154F1000B727E /* Project object */;
}
